
Microsoft Visual Studio Solution File, Format Version 12.00
# Visual Studio Version 16
VisualStudioVersion = 16.0.33423.256
MinimumVisualStudioVersion = 10.0.40219.1
Project("{FAE04EC0-301F-11D3-BF4B-00C04F79EFBC}") = "WindowsFormsApp1", "WindowsFormsApp1\WindowsFormsApp1.csproj", "{6ED91807-65F8-4686-A305-58377E6D7414}"
EndProject
Project("{2150E333-8FDC-42A3-9474-1A3956D46DE8}") = "Solution Items", "Solution Items", "{9483672C-5F0C-42BD-84A8-F8B064BA36CE}"
	ProjectSection(SolutionItems) = preProject
		WindowsFormsApp1\bin\Debug\berlin.jpg = WindowsFormsApp1\bin\Debug\berlin.jpg
		WindowsFormsApp1\bin\Debug\england.png = WindowsFormsApp1\bin\Debug\england.png
		WindowsFormsApp1\bin\Debug\germany.png = WindowsFormsApp1\bin\Debug\germany.png
		WindowsFormsApp1\bin\Debug\kyiv.jpg = WindowsFormsApp1\bin\Debug\kyiv.jpg
		WindowsFormsApp1\bin\Debug\london.jpg = WindowsFormsApp1\bin\Debug\london.jpg
		WindowsFormsApp1\bin\Debug\ukraine.png = WindowsFormsApp1\bin\Debug\ukraine.png
	EndProjectSection
EndProject
Global
	GlobalSection(SolutionConfigurationPlatforms) = preSolution
		Debug|Any CPU = Debug|Any CPU
		Release|Any CPU = Release|Any CPU
	EndGlobalSection
	GlobalSection(ProjectConfigurationPlatforms) = postSolution
		{6ED91807-65F8-4686-A305-58377E6D7414}.Debug|Any CPU.ActiveCfg = Debug|Any CPU
		{6ED91807-65F8-4686-A305-58377E6D7414}.Debug|Any CPU.Build.0 = Debug|Any CPU
		{6ED91807-65F8-4686-A305-58377E6D7414}.Release|Any CPU.ActiveCfg = Release|Any CPU
		{6ED91807-65F8-4686-A305-58377E6D7414}.Release|Any CPU.Build.0 = Release|Any CPU
	EndGlobalSection
	GlobalSection(SolutionProperties) = preSolution
		HideSolutionNode = FALSE
	EndGlobalSection
	GlobalSection(ExtensibilityGlobals) = postSolution
		SolutionGuid = {D0887B53-1B02-469E-B441-635097894D5D}
	EndGlobalSection
EndGlobal
